
Microsoft Visual Studio Solution File, Format Version 12.00
# Visual Studio Version 17
VisualStudioVersion = 17.11.35222.181
MinimumVisualStudioVersion = 10.0.40219.1
Project("{FAE04EC0-301F-11D3-BF4B-00C04F79EFBC}") = "Zadatak2", "Zadatak2\Zadatak2.csproj", "{2E975BF5-C849-4B73-8891-9C657CF6D05D}"
EndProject
Project("{FAE04EC0-301F-11D3-BF4B-00C04F79EFBC}") = "Zadatak1", "Zadatak1\Zadatak1.csproj", "{F4C59D3F-4866-4C85-8EBA-28AACF1F842C}"
EndProject
Global
	GlobalSection(SolutionConfigurationPlatforms) = preSolution
		Debug|Any CPU = Debug|Any CPU
		Release|Any CPU = Release|Any CPU
	EndGlobalSection
	GlobalSection(ProjectConfigurationPlatforms) = postSolution
		{2E975BF5-C849-4B73-8891-9C657CF6D05D}.Debug|Any CPU.ActiveCfg = Debug|Any CPU
		{2E975BF5-C849-4B73-8891-9C657CF6D05D}.Debug|Any CPU.Build.0 = Debug|Any CPU
		{2E975BF5-C849-4B73-8891-9C657CF6D05D}.Release|Any CPU.ActiveCfg = Release|Any CPU
		{2E975BF5-C849-4B73-8891-9C657CF6D05D}.Release|Any CPU.Build.0 = Release|Any CPU
		{F4C59D3F-4866-4C85-8EBA-28AACF1F842C}.Debug|Any CPU.ActiveCfg = Debug|Any CPU
		{F4C59D3F-4866-4C85-8EBA-28AACF1F842C}.Debug|Any CPU.Build.0 = Debug|Any CPU
		{F4C59D3F-4866-4C85-8EBA-28AACF1F842C}.Release|Any CPU.ActiveCfg = Release|Any CPU
		{F4C59D3F-4866-4C85-8EBA-28AACF1F842C}.Release|Any CPU.Build.0 = Release|Any CPU
	EndGlobalSection
	GlobalSection(SolutionProperties) = preSolution
		HideSolutionNode = FALSE
	EndGlobalSection
	GlobalSection(ExtensibilityGlobals) = postSolution
		SolutionGuid = {7D524566-9334-4FD5-A625-9DB1D18D8C43}
	EndGlobalSection
EndGlobal
